// !$*UTF8*$!
{
	archiveVersion = 1;
	classes = {
	};
	objectVersion = 50;
	objects = {

/* Begin PBXBuildFile section */
		251A51AE248F3EC800F900CB /* AppDelegate.swift in Sources */ = {isa = PBXBuildFile; fileRef = 251A51AD248F3EC800F900CB /* AppDelegate.swift */; };
		251A51B0248F3EC800F900CB /* ContentView.swift in Sources */ = {isa = PBXBuildFile; fileRef = 251A51AF248F3EC800F900CB /* ContentView.swift */; };
		251A51B2248F3ECA00F900CB /* Assets.xcassets in Resources */ = {isa = PBXBuildFile; fileRef = 251A51B1248F3ECA00F900CB /* Assets.xcassets */; };
		251A51B5248F3ECA00F900CB /* Preview Assets.xcassets in Resources */ = {isa = PBXBuildFile; fileRef = 251A51B4248F3ECA00F900CB /* Preview Assets.xcassets */; };
		251A51B8248F3ECA00F900CB /* LaunchScreen.storyboard in Resources */ = {isa = PBXBuildFile; fileRef = 251A51B6248F3ECA00F900CB /* LaunchScreen.storyboard */; };
		251A51C3248F3ECA00F900CB /* MovieInfoTests.swift in Sources */ = {isa = PBXBuildFile; fileRef = 251A51C2248F3ECA00F900CB /* MovieInfoTests.swift */; };
/* End PBXBuildFile section */

/* Begin PBXContainerItemProxy section */
		251A51BF248F3ECA00F900CB /* PBXContainerItemProxy */ = {
			isa = PBXContainerItemProxy;
			containerPortal = 251A51A2248F3EC800F900CB /* Project object */;
			proxyType = 1;
			remoteGlobalIDString = 251A51A9248F3EC800F900CB;
			remoteInfo = MovieInfo;
		};
/* End PBXContainerItemProxy section */

/* Begin PBXFileReference section */
		251A51AA248F3EC800F900CB /* MovieInfo.app */ = {isa = PBXFileReference; explicitFileType = wrapper.application; includeInIndex = 0; path = MovieInfo.app; sourceTree = BUILT_PRODUCTS_DIR; };
		251A51AD248F3EC800F900CB /* AppDelegate.swift */ = {isa = PBXFileReference; lastKnownFileType = sourcecode.swift; path = AppDelegate.swift; sourceTree = "<group>"; };
		251A51AF248F3EC800F900CB /* ContentView.swift */ = {isa = PBXFileReference; lastKnownFileType = sourcecode.swift; path = ContentView.swift; sourceTree = "<group>"; };
		251A51B1248F3ECA00F900CB /* Assets.xcassets */ = {isa = PBXFileReference; lastKnownFileType = folder.assetcatalog; path = Assets.xcassets; sourceTree = "<group>"; };
		251A51B4248F3ECA00F900CB /* Preview Assets.xcassets */ = {isa = PBXFileReference; lastKnownFileType = folder.assetcatalog; path = "Preview Assets.xcassets"; sourceTree = "<group>"; };
		251A51B7248F3ECA00F900CB /* Base */ = {isa = PBXFileReference; lastKnownFileType = file.storyboard; name = Base; path = Base.lproj/LaunchScreen.storyboard; sourceTree = "<group>"; };
		251A51B9248F3ECA00F900CB /* Info.plist */ = {isa = PBXFileReference; lastKnownFileType = text.plist.xml; path = Info.plist; sourceTree = "<group>"; };
		251A51BE248F3ECA00F900CB /* MovieInfoTests.xctest */ = {isa = PBXFileReference; explicitFileType = wrapper.cfbundle; includeInIndex = 0; path = MovieInfoTests.xctest; sourceTree = BUILT_PRODUCTS_DIR; };
		251A51C2248F3ECA00F900CB /* MovieInfoTests.swift */ = {isa = PBXFileReference; lastKnownFileType = sourcecode.swift; path = MovieInfoTests.swift; sourceTree = "<group>"; };
		251A51C4248F3ECA00F900CB /* Info.plist */ = {isa = PBXFileReference; lastKnownFileType = text.plist.xml; path = Info.plist; sourceTree = "<group>"; };
/* End PBXFileReference section */

/* Begin PBXFrameworksBuildPhase section */
		251A51A7248F3EC800F900CB /* Frameworks */ = {
			isa = PBXFrameworksBuildPhase;
			buildActionMask = 2147483647;
			files = (
			);
			runOnlyForDeploymentPostprocessing = 0;
		};
		251A51BB248F3ECA00F900CB /* Frameworks */ = {
			isa = PBXFrameworksBuildPhase;
			buildActionMask = 2147483647;
			files = (
			);
			runOnlyForDeploymentPostprocessing = 0;
		};
/* End PBXFrameworksBuildPhase section */

/* Begin PBXGroup section */
		251A51A1248F3EC800F900CB = {
			isa = PBXGroup;
			children = (
				251A51AC248F3EC800F900CB /* MovieInfo */,
				251A51C1248F3ECA00F900CB /* MovieInfoTests */,
				251A51AB248F3EC800F900CB /* Products */,
			);
			sourceTree = "<group>";
		};
		251A51AB248F3EC800F900CB /* Products */ = {
			isa = PBXGroup;
			children = (
				251A51AA248F3EC800F900CB /* MovieInfo.app */,
				251A51BE248F3ECA00F900CB /* MovieInfoTests.xctest */,
			);
			name = Products;
			sourceTree = "<group>";
		};
		251A51AC248F3EC800F900CB /* MovieInfo */ = {
			isa = PBXGroup;
			children = (
				251A51B9248F3ECA00F900CB /* Info.plist */,
				251A51CD248F3FC700F900CB /* App */,
				251A51CE248F3FD300F900CB /* View */,
				251A51B3248F3ECA00F900CB /* Assets */,
			);
			path = MovieInfo;
			sourceTree = "<group>";
		};
		251A51B3248F3ECA00F900CB /* Assets */ = {
			isa = PBXGroup;
			children = (
				251A51B1248F3ECA00F900CB /* Assets.xcassets */,
				251A51B4248F3ECA00F900CB /* Preview Assets.xcassets */,
			);
			path = Assets;
			sourceTree = "<group>";
		};
		251A51C1248F3ECA00F900CB /* MovieInfoTests */ = {
			isa = PBXGroup;
			children = (
				251A51C2248F3ECA00F900CB /* MovieInfoTests.swift */,
				251A51C4248F3ECA00F900CB /* Info.plist */,
			);
			path = MovieInfoTests;
			sourceTree = "<group>";
		};
		251A51CD248F3FC700F900CB /* App */ = {
			isa = PBXGroup;
			children = (
				251A51AD248F3EC800F900CB /* AppDelegate.swift */,
			);
			path = App;
			sourceTree = "<group>";
		};
		251A51CE248F3FD300F900CB /* View */ = {
			isa = PBXGroup;
			children = (
				251A51AF248F3EC800F900CB /* ContentView.swift */,
				251A51B6248F3ECA00F900CB /* LaunchScreen.storyboard */,
			);
			path = View;
			sourceTree = "<group>";
		};
/* End PBXGroup section */

/* Begin PBXNativeTarget section */
		251A51A9248F3EC800F900CB /* MovieInfo */ = {
			isa = PBXNativeTarget;
			buildConfigurationList = 251A51C7248F3ECA00F900CB /* Build configuration list for PBXNativeTarget "MovieInfo" */;
			buildPhases = (
				251A51A6248F3EC800F900CB /* Sources */,
				251A51A7248F3EC800F900CB /* Frameworks */,
				251A51A8248F3EC800F900CB /* Resources */,
			);
			buildRules = (
			);
			dependencies = (
			);
			name = MovieInfo;
			productName = MovieInfo;
			productReference = 251A51AA248F3EC800F900CB /* MovieInfo.app */;
			productType = "com.apple.product-type.application";
		};
		251A51BD248F3ECA00F900CB /* MovieInfoTests */ = {
			isa = PBXNativeTarget;
			buildConfigurationList = 251A51CA248F3ECA00F900CB /* Build configuration list for PBXNativeTarget "MovieInfoTests" */;
			buildPhases = (
				251A51BA248F3ECA00F900CB /* Sources */,
				251A51BB248F3ECA00F900CB /* Frameworks */,
				251A51BC248F3ECA00F900CB /* Resources */,
			);
			buildRules = (
			);
			dependencies = (
				251A51C0248F3ECA00F900CB /* PBXTargetDependency */,
			);
			name = MovieInfoTests;
			productName = MovieInfoTests;
			productReference = 251A51BE248F3ECA00F900CB /* MovieInfoTests.xctest */;
			productType = "com.apple.product-type.bundle.unit-test";
		};
/* End PBXNativeTarget section */

/* Begin PBXProject section */
		251A51A2248F3EC800F900CB /* Project object */ = {
			isa = PBXProject;
			attributes = {
				LastSwiftUpdateCheck = 1130;
				LastUpgradeCheck = 1130;
				ORGANIZATIONNAME = "Francis Breidenbach";
				TargetAttributes = {
					251A51A9248F3EC800F900CB = {
						CreatedOnToolsVersion = 11.3;
					};
					251A51BD248F3ECA00F900CB = {
						CreatedOnToolsVersion = 11.3;
						TestTargetID = 251A51A9248F3EC800F900CB;
					};
				};
			};
			buildConfigurationList = 251A51A5248F3EC800F900CB /* Build configuration list for PBXProject "MovieInfo" */;
			compatibilityVersion = "Xcode 9.3";
			developmentRegion = en;
			hasScannedForEncodings = 0;
			knownRegions = (
				en,
				Base,
			);
			mainGroup = 251A51A1248F3EC800F900CB;
			productRefGroup = 251A51AB248F3EC800F900CB /* Products */;
			projectDirPath = "";
			projectRoot = "";
			targets = (
				251A51A9248F3EC800F900CB /* MovieInfo */,
				251A51BD248F3ECA00F900CB /* MovieInfoTests */,
			);
		};
/* End PBXProject section */

/* Begin PBXResourcesBuildPhase section */
		251A51A8248F3EC800F900CB /* Resources */ = {
			isa = PBXResourcesBuildPhase;
			buildActionMask = 2147483647;
			files = (
				251A51B8248F3ECA00F900CB /* LaunchScreen.storyboard in Resources */,
				251A51B5248F3ECA00F900CB /* Preview Assets.xcassets in Resources */,
				251A51B2248F3ECA00F900CB /* Assets.xcassets in Resources */,
			);
			runOnlyForDeploymentPostprocessing = 0;
		};
		251A51BC248F3ECA00F900CB /* Resources */ = {
			isa = PBXResourcesBuildPhase;
			buildActionMask = 2147483647;
			files = (
			);
			runOnlyForDeploymentPostprocessing = 0;
		};
/* End PBXResourcesBuildPhase section */

/* Begin PBXSourcesBuildPhase section */
		251A51A6248F3EC800F900CB /* Sources */ = {
			isa = PBXSourcesBuildPhase;
			buildActionMask = 2147483647;
			files = (
				251A51B0248F3EC800F900CB /* ContentView.swift in Sources */,
				251A51AE248F3EC800F900CB /* AppDelegate.swift in Sources */,
			);
			runOnlyForDeploymentPostprocessing = 0;
		};
		251A51BA248F3ECA00F900CB /* Sources */ = {
			isa = PBXSourcesBuildPhase;
			buildActionMask = 2147483647;
			files = (
				251A51C3248F3ECA00F900CB /* MovieInfoTests.swift in Sources */,
			);
			runOnlyForDeploymentPostprocessing = 0;
		};
/* End PBXSourcesBuildPhase section */

/* Begin PBXTargetDependency section */
		251A51C0248F3ECA00F900CB /* PBXTargetDependency */ = {
			isa = PBXTargetDependency;
			target = 251A51A9248F3EC800F900CB /* MovieInfo */;
			targetProxy = 251A51BF248F3ECA00F900CB /* PBXContainerItemProxy */;
		};
/* End PBXTargetDependency section */

/* Begin PBXVariantGroup section */
		251A51B6248F3ECA00F900CB /* LaunchScreen.storyboard */ = {
			isa = PBXVariantGroup;
			children = (
				251A51B7248F3ECA00F900CB /* Base */,
			);
			name = LaunchScreen.storyboard;
			sourceTree = "<group>";
		};
/* End PBXVariantGroup section */

/* Begin XCBuildConfiguration section */
		251A51C5248F3ECA00F900CB /* Debug */ = {
			isa = XCBuildConfiguration;
			buildSettings = {
				ALWAYS_SEARCH_USER_PATHS = NO;
				CLANG_ANALYZER_NONNULL = YES;
				CLANG_ANALYZER_NUMBER_OBJECT_CONVERSION = YES_AGGRESSIVE;
				CLANG_CXX_LANGUAGE_STANDARD = "gnu++14";
				CLANG_CXX_LIBRARY = "libc++";
				CLANG_ENABLE_MODULES = YES;
				CLANG_ENABLE_OBJC_ARC = YES;
				CLANG_ENABLE_OBJC_WEAK = YES;
				CLANG_WARN_BLOCK_CAPTURE_AUTORELEASING = YES;
				CLANG_WARN_BOOL_CONVERSION = YES;
				CLANG_WARN_COMMA = YES;
				CLANG_WARN_CONSTANT_CONVERSION = YES;
				CLANG_WARN_DEPRECATED_OBJC_IMPLEMENTATIONS = YES;
				CLANG_WARN_DIRECT_OBJC_ISA_USAGE = YES_ERROR;
				CLANG_WARN_DOCUMENTATION_COMMENTS = YES;
				CLANG_WARN_EMPTY_BODY = YES;
				CLANG_WARN_ENUM_CONVERSION = YES;
				CLANG_WARN_INFINITE_RECURSION = YES;
				CLANG_WARN_INT_CONVERSION = YES;
				CLANG_WARN_NON_LITERAL_NULL_CONVERSION = YES;
				CLANG_WARN_OBJC_IMPLICIT_RETAIN_SELF = YES;
				CLANG_WARN_OBJC_LITERAL_CONVERSION = YES;
				CLANG_WARN_OBJC_ROOT_CLASS = YES_ERROR;
				CLANG_WARN_RANGE_LOOP_ANALYSIS = YES;
				CLANG_WARN_STRICT_PROTOTYPES = YES;
				CLANG_WARN_SUSPICIOUS_MOVE = YES;
				CLANG_WARN_UNGUARDED_AVAILABILITY = YES_AGGRESSIVE;
				CLANG_WARN_UNREACHABLE_CODE = YES;
				CLANG_WARN__DUPLICATE_METHOD_MATCH = YES;
				COPY_PHASE_STRIP = NO;
				DEBUG_INFORMATION_FORMAT = dwarf;
				ENABLE_STRICT_OBJC_MSGSEND = YES;
				ENABLE_TESTABILITY = YES;
				GCC_C_LANGUAGE_STANDARD = gnu11;
				GCC_DYNAMIC_NO_PIC = NO;
				GCC_NO_COMMON_BLOCKS = YES;
				GCC_OPTIMIZATION_LEVEL = 0;
				GCC_PREPROCESSOR_DEFINITIONS = (
					"DEBUG=1",
					"$(inherited)",
				);
				GCC_WARN_64_TO_32_BIT_CONVERSION = YES;
				GCC_WARN_ABOUT_RETURN_TYPE = YES_ERROR;
				GCC_WARN_UNDECLARED_SELECTOR = YES;
				GCC_WARN_UNINITIALIZED_AUTOS = YES_AGGRESSIVE;
				GCC_WARN_UNUSED_FUNCTION = YES;
				GCC_WARN_UNUSED_VARIABLE = YES;
				MTL_ENABLE_DEBUG_INFO = INCLUDE_SOURCE;
				MTL_FAST_MATH = YES;
				ONLY_ACTIVE_ARCH = YES;
				SDKROOT = appletvos;
				SWIFT_ACTIVE_COMPILATION_CONDITIONS = DEBUG;
				SWIFT_OPTIMIZATION_LEVEL = "-Onone";
				TVOS_DEPLOYMENT_TARGET = 13.2;
			};
			name = Debug;
		};
		251A51C6248F3ECA00F900CB /* Release */ = {
			isa = XCBuildConfiguration;
			buildSettings = {
				ALWAYS_SEARCH_USER_PATHS = NO;
				CLANG_ANALYZER_NONNULL = YES;
				CLANG_ANALYZER_NUMBER_OBJECT_CONVERSION = YES_AGGRESSIVE;
				CLANG_CXX_LANGUAGE_STANDARD = "gnu++14";
				CLANG_CXX_LIBRARY = "libc++";
				CLANG_ENABLE_MODULES = YES;
				CLANG_ENABLE_OBJC_ARC = YES;
				CLANG_ENABLE_OBJC_WEAK = YES;
				CLANG_WARN_BLOCK_CAPTURE_AUTORELEASING = YES;
				CLANG_WARN_BOOL_CONVERSION = YES;
				CLANG_WARN_COMMA = YES;
				CLANG_WARN_CONSTANT_CONVERSION = YES;
				CLANG_WARN_DEPRECATED_OBJC_IMPLEMENTATIONS = YES;
				CLANG_WARN_DIRECT_OBJC_ISA_USAGE = YES_ERROR;
				CLANG_WARN_DOCUMENTATION_COMMENTS = YES;
				CLANG_WARN_EMPTY_BODY = YES;
				CLANG_WARN_ENUM_CONVERSION = YES;
				CLANG_WARN_INFINITE_RECURSION = YES;
				CLANG_WARN_INT_CONVERSION = YES;
				CLANG_WARN_NON_LITERAL_NULL_CONVERSION = YES;
				CLANG_WARN_OBJC_IMPLICIT_RETAIN_SELF = YES;
				CLANG_WARN_OBJC_LITERAL_CONVERSION = YES;
				CLANG_WARN_OBJC_ROOT_CLASS = YES_ERROR;
				CLANG_WARN_RANGE_LOOP_ANALYSIS = YES;
				CLANG_WARN_STRICT_PROTOTYPES = YES;
				CLANG_WARN_SUSPICIOUS_MOVE = YES;
				CLANG_WARN_UNGUARDED_AVAILABILITY = YES_AGGRESSIVE;
				CLANG_WARN_UNREACHABLE_CODE = YES;
				CLANG_WARN__DUPLICATE_METHOD_MATCH = YES;
				COPY_PHASE_STRIP = NO;
				DEBUG_INFORMATION_FORMAT = "dwarf-with-dsym";
				ENABLE_NS_ASSERTIONS = NO;
				ENABLE_STRICT_OBJC_MSGSEND = YES;
				GCC_C_LANGUAGE_STANDARD = gnu11;
				GCC_NO_COMMON_BLOCKS = YES;
				GCC_WARN_64_TO_32_BIT_CONVERSION = YES;
				GCC_WARN_ABOUT_RETURN_TYPE = YES_ERROR;
				GCC_WARN_UNDECLARED_SELECTOR = YES;
				GCC_WARN_UNINITIALIZED_AUTOS = YES_AGGRESSIVE;
				GCC_WARN_UNUSED_FUNCTION = YES;
				GCC_WARN_UNUSED_VARIABLE = YES;
				MTL_ENABLE_DEBUG_INFO = NO;
				MTL_FAST_MATH = YES;
				SDKROOT = appletvos;
				SWIFT_COMPILATION_MODE = wholemodule;
				SWIFT_OPTIMIZATION_LEVEL = "-O";
				TVOS_DEPLOYMENT_TARGET = 13.2;
				VALIDATE_PRODUCT = YES;
			};
			name = Release;
		};
		251A51C8248F3ECA00F900CB /* Debug */ = {
			isa = XCBuildConfiguration;
			buildSettings = {
				ASSETCATALOG_COMPILER_APPICON_NAME = "App Icon & Top Shelf Image";
				CODE_SIGN_STYLE = Automatic;
				DEVELOPMENT_ASSET_PATHS = "\"MovieInfo/Preview Content\"";
				DEVELOPMENT_TEAM = WA3KPNE52J;
				ENABLE_PREVIEWS = YES;
				INFOPLIST_FILE = MovieInfo/Info.plist;
				LD_RUNPATH_SEARCH_PATHS = (
					"$(inherited)",
					"@executable_path/Frameworks",
				);
				PRODUCT_BUNDLE_IDENTIFIER = com.fbreidenbach.MovieInfo;
				PRODUCT_NAME = "$(TARGET_NAME)";
				SWIFT_VERSION = 5.0;
				TARGETED_DEVICE_FAMILY = 3;
			};
			name = Debug;
		};
		251A51C9248F3ECA00F900CB /* Release */ = {
			isa = XCBuildConfiguration;
			buildSettings = {
				ASSETCATALOG_COMPILER_APPICON_NAME = "App Icon & Top Shelf Image";
				CODE_SIGN_STYLE = Automatic;
				DEVELOPMENT_ASSET_PATHS = "\"MovieInfo/Preview Content\"";
				DEVELOPMENT_TEAM = C37G2K96EF;
				ENABLE_PREVIEWS = YES;
				INFOPLIST_FILE = MovieInfo/Info.plist;
				LD_RUNPATH_SEARCH_PATHS = (
					"$(inherited)",
					"@executable_path/Frameworks",
				);
				PRODUCT_BUNDLE_IDENTIFIER = com.fbreidenbach.MovieInfo;
				PRODUCT_NAME = "$(TARGET_NAME)";
				SWIFT_VERSION = 5.0;
				TARGETED_DEVICE_FAMILY = 3;
			};
			name = Release;
		};
		251A51CB248F3ECA00F900CB /* Debug */ = {
			isa = XCBuildConfiguration;
			buildSettings = {
				ALWAYS_EMBED_SWIFT_STANDARD_LIBRARIES = YES;
				BUNDLE_LOADER = "$(TEST_HOST)";
				CODE_SIGN_STYLE = Automatic;
				DEVELOPMENT_TEAM = WA3KPNE52J;
				INFOPLIST_FILE = MovieInfoTests/Info.plist;
				LD_RUNPATH_SEARCH_PATHS = (
					"$(inherited)",
					"@executable_path/Frameworks",
					"@loader_path/Frameworks",
				);
				PRODUCT_BUNDLE_IDENTIFIER = com.fbreidenbach.MovieInfoTests;
				PRODUCT_NAME = "$(TARGET_NAME)";
				SWIFT_VERSION = 5.0;
				TARGETED_DEVICE_FAMILY = 3;
				TEST_HOST = "$(BUILT_PRODUCTS_DIR)/MovieInfo.app/MovieInfo";
				TVOS_DEPLOYMENT_TARGET = 13.2;
			};
			name = Debug;
		};
		251A51CC248F3ECA00F900CB /* Release */ = {
			isa = XCBuildConfiguration;
			buildSettings = {
				ALWAYS_EMBED_SWIFT_STANDARD_LIBRARIES = YES;
				BUNDLE_LOADER = "$(TEST_HOST)";
				CODE_SIGN_STYLE = Automatic;
				DEVELOPMENT_TEAM = WA3KPNE52J;
				INFOPLIST_FILE = MovieInfoTests/Info.plist;
				LD_RUNPATH_SEARCH_PATHS = (
					"$(inherited)",
					"@executable_path/Frameworks",
					"@loader_path/Frameworks",
				);
				PRODUCT_BUNDLE_IDENTIFIER = com.fbreidenbach.MovieInfoTests;
				PRODUCT_NAME = "$(TARGET_NAME)";
				SWIFT_VERSION = 5.0;
				TARGETED_DEVICE_FAMILY = 3;
				TEST_HOST = "$(BUILT_PRODUCTS_DIR)/MovieInfo.app/MovieInfo";
				TVOS_DEPLOYMENT_TARGET = 13.2;
			};
			name = Release;
		};
/* End XCBuildConfiguration section */

/* Begin XCConfigurationList section */
		251A51A5248F3EC800F900CB /* Build configuration list for PBXProject "MovieInfo" */ = {
			isa = XCConfigurationList;
			buildConfigurations = (
				251A51C5248F3ECA00F900CB /* Debug */,
				251A51C6248F3ECA00F900CB /* Release */,
			);
			defaultConfigurationIsVisible = 0;
			defaultConfigurationName = Release;
		};
		251A51C7248F3ECA00F900CB /* Build configuration list for PBXNativeTarget "MovieInfo" */ = {
			isa = XCConfigurationList;
			buildConfigurations = (
				251A51C8248F3ECA00F900CB /* Debug */,
				251A51C9248F3ECA00F900CB /* Release */,
			);
			defaultConfigurationIsVisible = 0;
			defaultConfigurationName = Release;
		};
		251A51CA248F3ECA00F900CB /* Build configuration list for PBXNativeTarget "MovieInfoTests" */ = {
			isa = XCConfigurationList;
			buildConfigurations = (
				251A51CB248F3ECA00F900CB /* Debug */,
				251A51CC248F3ECA00F900CB /* Release */,
			);
			defaultConfigurationIsVisible = 0;
			defaultConfigurationName = Release;
		};
/* End XCConfigurationList section */
	};
	rootObject = 251A51A2248F3EC800F900CB /* Project object */;
}
